{
  "name": "ramda-code",
  "version": "1.0.0",
  "lockfileVersion": 1,
  "requires": true,
  "dependencies": {
    "@types/ramda": {
      "version": "0.26.8",
      "resolved": "https://registry.npm.taobao.org/@types/ramda/download/@types/ramda-0.26.8.tgz",
      "integrity": "sha1-4AJhLMpS5S+RdtV39NYinIxyoQo=",
      "dev": true
    },
    "ramda": {
      "version": "0.26.1",
      "resolved": "https://registry.npm.taobao.org/ramda/download/ramda-0.26.1.tgz",
      "integrity": "sha1-jUE1HrgRHFU1Nhf8O7/62OTTXQY="
    },
    "typescript": {
      "version": "3.4.5",
      "resolved": "https://registry.npm.taobao.org/typescript/download/typescript-3.4.5.tgz",
      "integrity": "sha1-LSYY0Qu1ZlcrjXqtUYDYQlfXCpk=",
      "dev": true
    }
  }
}
